// !$*UTF8*$!
{
	archiveVersion = 1;
	classes = {
	};
	objectVersion = 51;
	objects = {

/* Begin PBXBuildFile section */
		2B899BBB2498C6AE00C91EF9 /* AnimationModel.swift in Sources */ = {isa = PBXBuildFile; fileRef = 2B899BBA2498C6AE00C91EF9 /* AnimationModel.swift */; };
		2B899BBE2498C95000C91EF9 /* AnimationDataManager.swift in Sources */ = {isa = PBXBuildFile; fileRef = 2B899BBD2498C95000C91EF9 /* AnimationDataManager.swift */; };
		2BCFB20F2498B5D30033BF25 /* AppDelegate.swift in Sources */ = {isa = PBXBuildFile; fileRef = 2BCFB20E2498B5D30033BF25 /* AppDelegate.swift */; };
		2BCFB2112498B5D30033BF25 /* SceneDelegate.swift in Sources */ = {isa = PBXBuildFile; fileRef = 2BCFB2102498B5D30033BF25 /* SceneDelegate.swift */; };
		2BCFB2132498B5D30033BF25 /* ViewController.swift in Sources */ = {isa = PBXBuildFile; fileRef = 2BCFB2122498B5D30033BF25 /* ViewController.swift */; };
		2BCFB2162498B5D30033BF25 /* Main.storyboard in Resources */ = {isa = PBXBuildFile; fileRef = 2BCFB2142498B5D30033BF25 /* Main.storyboard */; };
		2BCFB2182498B5D50033BF25 /* Assets.xcassets in Resources */ = {isa = PBXBuildFile; fileRef = 2BCFB2172498B5D50033BF25 /* Assets.xcassets */; };
		2BCFB21B2498B5D50033BF25 /* LaunchScreen.storyboard in Resources */ = {isa = PBXBuildFile; fileRef = 2BCFB2192498B5D50033BF25 /* LaunchScreen.storyboard */; };
		39C600758E6AA3B6BD647286 /* Pods_CrazyRectangle.framework in Frameworks */ = {isa = PBXBuildFile; fileRef = C2F7F0AAA8BA46CE0DDE7CC4 /* Pods_CrazyRectangle.framework */; };
/* End PBXBuildFile section */

/* Begin PBXFileReference section */
		2B899BBA2498C6AE00C91EF9 /* AnimationModel.swift */ = {isa = PBXFileReference; lastKnownFileType = sourcecode.swift; path = AnimationModel.swift; sourceTree = "<group>"; };
		2B899BBD2498C95000C91EF9 /* AnimationDataManager.swift */ = {isa = PBXFileReference; lastKnownFileType = sourcecode.swift; path = AnimationDataManager.swift; sourceTree = "<group>"; };
		2BCFB20B2498B5D30033BF25 /* CrazyRectangle.app */ = {isa = PBXFileReference; explicitFileType = wrapper.application; includeInIndex = 0; path = CrazyRectangle.app; sourceTree = BUILT_PRODUCTS_DIR; };
		2BCFB20E2498B5D30033BF25 /* AppDelegate.swift */ = {isa = PBXFileReference; lastKnownFileType = sourcecode.swift; path = AppDelegate.swift; sourceTree = "<group>"; };
		2BCFB2102498B5D30033BF25 /* SceneDelegate.swift */ = {isa = PBXFileReference; lastKnownFileType = sourcecode.swift; path = SceneDelegate.swift; sourceTree = "<group>"; };
		2BCFB2122498B5D30033BF25 /* ViewController.swift */ = {isa = PBXFileReference; lastKnownFileType = sourcecode.swift; path = ViewController.swift; sourceTree = "<group>"; };
		2BCFB2152498B5D30033BF25 /* Base */ = {isa = PBXFileReference; lastKnownFileType = file.storyboard; name = Base; path = Base.lproj/Main.storyboard; sourceTree = "<group>"; };
		2BCFB2172498B5D50033BF25 /* Assets.xcassets */ = {isa = PBXFileReference; lastKnownFileType = folder.assetcatalog; path = Assets.xcassets; sourceTree = "<group>"; };
		2BCFB21A2498B5D50033BF25 /* Base */ = {isa = PBXFileReference; lastKnownFileType = file.storyboard; name = Base; path = Base.lproj/LaunchScreen.storyboard; sourceTree = "<group>"; };
		2BCFB21C2498B5D50033BF25 /* Info.plist */ = {isa = PBXFileReference; lastKnownFileType = text.plist.xml; path = Info.plist; sourceTree = "<group>"; };
		4845C8180282BFBA9115E602 /* Pods-CrazyRectangle.debug.xcconfig */ = {isa = PBXFileReference; includeInIndex = 1; lastKnownFileType = text.xcconfig; name = "Pods-CrazyRectangle.debug.xcconfig"; path = "Target Support Files/Pods-CrazyRectangle/Pods-CrazyRectangle.debug.xcconfig"; sourceTree = "<group>"; };
		C2F7F0AAA8BA46CE0DDE7CC4 /* Pods_CrazyRectangle.framework */ = {isa = PBXFileReference; explicitFileType = wrapper.framework; includeInIndex = 0; path = Pods_CrazyRectangle.framework; sourceTree = BUILT_PRODUCTS_DIR; };
		D581A840A27BD6BBA42AFF74 /* Pods-CrazyRectangle.release.xcconfig */ = {isa = PBXFileReference; includeInIndex = 1; lastKnownFileType = text.xcconfig; name = "Pods-CrazyRectangle.release.xcconfig"; path = "Target Support Files/Pods-CrazyRectangle/Pods-CrazyRectangle.release.xcconfig"; sourceTree = "<group>"; };
/* End PBXFileReference section */

/* Begin PBXFrameworksBuildPhase section */
		2BCFB2082498B5D30033BF25 /* Frameworks */ = {
			isa = PBXFrameworksBuildPhase;
			buildActionMask = 2147483647;
			files = (
				39C600758E6AA3B6BD647286 /* Pods_CrazyRectangle.framework in Frameworks */,
			);
			runOnlyForDeploymentPostprocessing = 0;
		};
/* End PBXFrameworksBuildPhase section */

/* Begin PBXGroup section */
		2B899BB52498B88A00C91EF9 /* SupportingFiles */ = {
			isa = PBXGroup;
			children = (
				2BCFB20E2498B5D30033BF25 /* AppDelegate.swift */,
				2BCFB2102498B5D30033BF25 /* SceneDelegate.swift */,
				2BCFB21C2498B5D50033BF25 /* Info.plist */,
			);
			path = SupportingFiles;
			sourceTree = "<group>";
		};
		2B899BB62498B8AD00C91EF9 /* Source */ = {
			isa = PBXGroup;
			children = (
				2BCFB2172498B5D50033BF25 /* Assets.xcassets */,
			);
			path = Source;
			sourceTree = "<group>";
		};
		2B899BB72498B8BF00C91EF9 /* Storyboards */ = {
			isa = PBXGroup;
			children = (
				2BCFB2142498B5D30033BF25 /* Main.storyboard */,
				2BCFB2192498B5D50033BF25 /* LaunchScreen.storyboard */,
			);
			path = Storyboards;
			sourceTree = "<group>";
		};
		2B899BB82498B8CF00C91EF9 /* ViewController */ = {
			isa = PBXGroup;
			children = (
				2BCFB2122498B5D30033BF25 /* ViewController.swift */,
			);
			path = ViewController;
			sourceTree = "<group>";
		};
		2B899BB92498B8E200C91EF9 /* Model */ = {
			isa = PBXGroup;
			children = (
				2B899BBA2498C6AE00C91EF9 /* AnimationModel.swift */,
			);
			path = Model;
			sourceTree = "<group>";
		};
		2B899BBC2498C93C00C91EF9 /* DataManager */ = {
			isa = PBXGroup;
			children = (
				2B899BBD2498C95000C91EF9 /* AnimationDataManager.swift */,
			);
			name = DataManager;
			sourceTree = "<group>";
		};
		2BCFB2022498B5D30033BF25 = {
			isa = PBXGroup;
			children = (
				2BCFB20D2498B5D30033BF25 /* CrazyRectangle */,
				2BCFB20C2498B5D30033BF25 /* Products */,
				44BD132873AE868E3A60C291 /* Pods */,
				367B4CC1F47B3540AEB8E56A /* Frameworks */,
			);
			sourceTree = "<group>";
		};
		2BCFB20C2498B5D30033BF25 /* Products */ = {
			isa = PBXGroup;
			children = (
				2BCFB20B2498B5D30033BF25 /* CrazyRectangle.app */,
			);
			name = Products;
			sourceTree = "<group>";
		};
		2BCFB20D2498B5D30033BF25 /* CrazyRectangle */ = {
			isa = PBXGroup;
			children = (
				2B899BBC2498C93C00C91EF9 /* DataManager */,
				2B899BB92498B8E200C91EF9 /* Model */,
				2B899BB82498B8CF00C91EF9 /* ViewController */,
				2B899BB72498B8BF00C91EF9 /* Storyboards */,
				2B899BB52498B88A00C91EF9 /* SupportingFiles */,
				2B899BB62498B8AD00C91EF9 /* Source */,
			);
			path = CrazyRectangle;
			sourceTree = "<group>";
		};
		367B4CC1F47B3540AEB8E56A /* Frameworks */ = {
			isa = PBXGroup;
			children = (
				C2F7F0AAA8BA46CE0DDE7CC4 /* Pods_CrazyRectangle.framework */,
			);
			name = Frameworks;
			sourceTree = "<group>";
		};
		44BD132873AE868E3A60C291 /* Pods */ = {
			isa = PBXGroup;
			children = (
				4845C8180282BFBA9115E602 /* Pods-CrazyRectangle.debug.xcconfig */,
				D581A840A27BD6BBA42AFF74 /* Pods-CrazyRectangle.release.xcconfig */,
			);
			path = Pods;
			sourceTree = "<group>";
		};
/* End PBXGroup section */

/* Begin PBXNativeTarget section */
		2BCFB20A2498B5D30033BF25 /* CrazyRectangle */ = {
			isa = PBXNativeTarget;
			buildConfigurationList = 2BCFB21F2498B5D50033BF25 /* Build configuration list for PBXNativeTarget "CrazyRectangle" */;
			buildPhases = (
				0F29F0526E2B5903E606DED8 /* [CP] Check Pods Manifest.lock */,
				2BCFB2072498B5D30033BF25 /* Sources */,
				2BCFB2082498B5D30033BF25 /* Frameworks */,
				2BCFB2092498B5D30033BF25 /* Resources */,
				D7D29FD0CCEF7D5CAF538DEA /* [CP] Embed Pods Frameworks */,
			);
			buildRules = (
			);
			dependencies = (
			);
			name = CrazyRectangle;
			productName = CrazyRectangle;
			productReference = 2BCFB20B2498B5D30033BF25 /* CrazyRectangle.app */;
			productType = "com.apple.product-type.application";
		};
/* End PBXNativeTarget section */

/* Begin PBXProject section */
		2BCFB2032498B5D30033BF25 /* Project object */ = {
			isa = PBXProject;
			attributes = {
				LastSwiftUpdateCheck = 1150;
				LastUpgradeCheck = 1150;
				ORGANIZATIONNAME = "Pavel Parshin";
				TargetAttributes = {
					2BCFB20A2498B5D30033BF25 = {
						CreatedOnToolsVersion = 11.5;
					};
				};
			};
			buildConfigurationList = 2BCFB2062498B5D30033BF25 /* Build configuration list for PBXProject "CrazyRectangle" */;
			compatibilityVersion = "Xcode 9.3";
			developmentRegion = en;
			hasScannedForEncodings = 0;
			knownRegions = (
				en,
				Base,
			);
			mainGroup = 2BCFB2022498B5D30033BF25;
			productRefGroup = 2BCFB20C2498B5D30033BF25 /* Products */;
			projectDirPath = "";
			projectRoot = "";
			targets = (
				2BCFB20A2498B5D30033BF25 /* CrazyRectangle */,
			);
		};
/* End PBXProject section */

/* Begin PBXResourcesBuildPhase section */
		2BCFB2092498B5D30033BF25 /* Resources */ = {
			isa = PBXResourcesBuildPhase;
			buildActionMask = 2147483647;
			files = (
				2BCFB21B2498B5D50033BF25 /* LaunchScreen.storyboard in Resources */,
				2BCFB2182498B5D50033BF25 /* Assets.xcassets in Resources */,
				2BCFB2162498B5D30033BF25 /* Main.storyboard in Resources */,
			);
			runOnlyForDeploymentPostprocessing = 0;
		};
/* End PBXResourcesBuildPhase section */

/* Begin PBXShellScriptBuildPhase section */
		0F29F0526E2B5903E606DED8 /* [CP] Check Pods Manifest.lock */ = {
			isa = PBXShellScriptBuildPhase;
			buildActionMask = 2147483647;
			files = (
			);
			inputFileListPaths = (
			);
			inputPaths = (
				"${PODS_PODFILE_DIR_PATH}/Podfile.lock",
				"${PODS_ROOT}/Manifest.lock",
			);
			name = "[CP] Check Pods Manifest.lock";
			outputFileListPaths = (
			);
			outputPaths = (
				"$(DERIVED_FILE_DIR)/Pods-CrazyRectangle-checkManifestLockResult.txt",
			);
			runOnlyForDeploymentPostprocessing = 0;
			shellPath = /bin/sh;
			shellScript = "diff \"${PODS_PODFILE_DIR_PATH}/Podfile.lock\" \"${PODS_ROOT}/Manifest.lock\" > /dev/null\nif [ $? != 0 ] ; then\n    # print error to STDERR\n    echo \"error: The sandbox is not in sync with the Podfile.lock. Run 'pod install' or update your CocoaPods installation.\" >&2\n    exit 1\nfi\n# This output is used by Xcode 'outputs' to avoid re-running this script phase.\necho \"SUCCESS\" > \"${SCRIPT_OUTPUT_FILE_0}\"\n";
			showEnvVarsInLog = 0;
		};
		D7D29FD0CCEF7D5CAF538DEA /* [CP] Embed Pods Frameworks */ = {
			isa = PBXShellScriptBuildPhase;
			buildActionMask = 2147483647;
			files = (
			);
			inputFileListPaths = (
				"${PODS_ROOT}/Target Support Files/Pods-CrazyRectangle/Pods-CrazyRectangle-frameworks-${CONFIGURATION}-input-files.xcfilelist",
			);
			name = "[CP] Embed Pods Frameworks";
			outputFileListPaths = (
				"${PODS_ROOT}/Target Support Files/Pods-CrazyRectangle/Pods-CrazyRectangle-frameworks-${CONFIGURATION}-output-files.xcfilelist",
			);
			runOnlyForDeploymentPostprocessing = 0;
			shellPath = /bin/sh;
			shellScript = "\"${PODS_ROOT}/Target Support Files/Pods-CrazyRectangle/Pods-CrazyRectangle-frameworks.sh\"\n";
			showEnvVarsInLog = 0;
		};
/* End PBXShellScriptBuildPhase section */

/* Begin PBXSourcesBuildPhase section */
		2BCFB2072498B5D30033BF25 /* Sources */ = {
			isa = PBXSourcesBuildPhase;
			buildActionMask = 2147483647;
			files = (
				2B899BBB2498C6AE00C91EF9 /* AnimationModel.swift in Sources */,
				2B899BBE2498C95000C91EF9 /* AnimationDataManager.swift in Sources */,
				2BCFB2132498B5D30033BF25 /* ViewController.swift in Sources */,
				2BCFB20F2498B5D30033BF25 /* AppDelegate.swift in Sources */,
				2BCFB2112498B5D30033BF25 /* SceneDelegate.swift in Sources */,
			);
			runOnlyForDeploymentPostprocessing = 0;
		};
/* End PBXSourcesBuildPhase section */

/* Begin PBXVariantGroup section */
		2BCFB2142498B5D30033BF25 /* Main.storyboard */ = {
			isa = PBXVariantGroup;
			children = (
				2BCFB2152498B5D30033BF25 /* Base */,
			);
			name = Main.storyboard;
			sourceTree = "<group>";
		};
		2BCFB2192498B5D50033BF25 /* LaunchScreen.storyboard */ = {
			isa = PBXVariantGroup;
			children = (
				2BCFB21A2498B5D50033BF25 /* Base */,
			);
			name = LaunchScreen.storyboard;
			sourceTree = "<group>";
		};
/* End PBXVariantGroup section */

/* Begin XCBuildConfiguration section */
		2BCFB21D2498B5D50033BF25 /* Debug */ = {
			isa = XCBuildConfiguration;
			buildSettings = {
				ALWAYS_SEARCH_USER_PATHS = NO;
				CLANG_ANALYZER_NONNULL = YES;
				CLANG_ANALYZER_NUMBER_OBJECT_CONVERSION = YES_AGGRESSIVE;
				CLANG_CXX_LANGUAGE_STANDARD = "gnu++14";
				CLANG_CXX_LIBRARY = "libc++";
				CLANG_ENABLE_MODULES = YES;
				CLANG_ENABLE_OBJC_ARC = YES;
				CLANG_ENABLE_OBJC_WEAK = YES;
				CLANG_WARN_BLOCK_CAPTURE_AUTORELEASING = YES;
				CLANG_WARN_BOOL_CONVERSION = YES;
				CLANG_WARN_COMMA = YES;
				CLANG_WARN_CONSTANT_CONVERSION = YES;
				CLANG_WARN_DEPRECATED_OBJC_IMPLEMENTATIONS = YES;
				CLANG_WARN_DIRECT_OBJC_ISA_USAGE = YES_ERROR;
				CLANG_WARN_DOCUMENTATION_COMMENTS = YES;
				CLANG_WARN_EMPTY_BODY = YES;
				CLANG_WARN_ENUM_CONVERSION = YES;
				CLANG_WARN_INFINITE_RECURSION = YES;
				CLANG_WARN_INT_CONVERSION = YES;
				CLANG_WARN_NON_LITERAL_NULL_CONVERSION = YES;
				CLANG_WARN_OBJC_IMPLICIT_RETAIN_SELF = YES;
				CLANG_WARN_OBJC_LITERAL_CONVERSION = YES;
				CLANG_WARN_OBJC_ROOT_CLASS = YES_ERROR;
				CLANG_WARN_RANGE_LOOP_ANALYSIS = YES;
				CLANG_WARN_STRICT_PROTOTYPES = YES;
				CLANG_WARN_SUSPICIOUS_MOVE = YES;
				CLANG_WARN_UNGUARDED_AVAILABILITY = YES_AGGRESSIVE;
				CLANG_WARN_UNREACHABLE_CODE = YES;
				CLANG_WARN__DUPLICATE_METHOD_MATCH = YES;
				COPY_PHASE_STRIP = NO;
				DEBUG_INFORMATION_FORMAT = dwarf;
				ENABLE_STRICT_OBJC_MSGSEND = YES;
				ENABLE_TESTABILITY = YES;
				GCC_C_LANGUAGE_STANDARD = gnu11;
				GCC_DYNAMIC_NO_PIC = NO;
				GCC_NO_COMMON_BLOCKS = YES;
				GCC_OPTIMIZATION_LEVEL = 0;
				GCC_PREPROCESSOR_DEFINITIONS = (
					"DEBUG=1",
					"$(inherited)",
				);
				GCC_WARN_64_TO_32_BIT_CONVERSION = YES;
				GCC_WARN_ABOUT_RETURN_TYPE = YES_ERROR;
				GCC_WARN_UNDECLARED_SELECTOR = YES;
				GCC_WARN_UNINITIALIZED_AUTOS = YES_AGGRESSIVE;
				GCC_WARN_UNUSED_FUNCTION = YES;
				GCC_WARN_UNUSED_VARIABLE = YES;
				IPHONEOS_DEPLOYMENT_TARGET = 13.5;
				MTL_ENABLE_DEBUG_INFO = INCLUDE_SOURCE;
				MTL_FAST_MATH = YES;
				ONLY_ACTIVE_ARCH = YES;
				SDKROOT = iphoneos;
				SWIFT_ACTIVE_COMPILATION_CONDITIONS = DEBUG;
				SWIFT_OPTIMIZATION_LEVEL = "-Onone";
			};
			name = Debug;
		};
		2BCFB21E2498B5D50033BF25 /* Release */ = {
			isa = XCBuildConfiguration;
			buildSettings = {
				ALWAYS_SEARCH_USER_PATHS = NO;
				CLANG_ANALYZER_NONNULL = YES;
				CLANG_ANALYZER_NUMBER_OBJECT_CONVERSION = YES_AGGRESSIVE;
				CLANG_CXX_LANGUAGE_STANDARD = "gnu++14";
				CLANG_CXX_LIBRARY = "libc++";
				CLANG_ENABLE_MODULES = YES;
				CLANG_ENABLE_OBJC_ARC = YES;
				CLANG_ENABLE_OBJC_WEAK = YES;
				CLANG_WARN_BLOCK_CAPTURE_AUTORELEASING = YES;
				CLANG_WARN_BOOL_CONVERSION = YES;
				CLANG_WARN_COMMA = YES;
				CLANG_WARN_CONSTANT_CONVERSION = YES;
				CLANG_WARN_DEPRECATED_OBJC_IMPLEMENTATIONS = YES;
				CLANG_WARN_DIRECT_OBJC_ISA_USAGE = YES_ERROR;
				CLANG_WARN_DOCUMENTATION_COMMENTS = YES;
				CLANG_WARN_EMPTY_BODY = YES;
				CLANG_WARN_ENUM_CONVERSION = YES;
				CLANG_WARN_INFINITE_RECURSION = YES;
				CLANG_WARN_INT_CONVERSION = YES;
				CLANG_WARN_NON_LITERAL_NULL_CONVERSION = YES;
				CLANG_WARN_OBJC_IMPLICIT_RETAIN_SELF = YES;
				CLANG_WARN_OBJC_LITERAL_CONVERSION = YES;
				CLANG_WARN_OBJC_ROOT_CLASS = YES_ERROR;
				CLANG_WARN_RANGE_LOOP_ANALYSIS = YES;
				CLANG_WARN_STRICT_PROTOTYPES = YES;
				CLANG_WARN_SUSPICIOUS_MOVE = YES;
				CLANG_WARN_UNGUARDED_AVAILABILITY = YES_AGGRESSIVE;
				CLANG_WARN_UNREACHABLE_CODE = YES;
				CLANG_WARN__DUPLICATE_METHOD_MATCH = YES;
				COPY_PHASE_STRIP = NO;
				DEBUG_INFORMATION_FORMAT = "dwarf-with-dsym";
				ENABLE_NS_ASSERTIONS = NO;
				ENABLE_STRICT_OBJC_MSGSEND = YES;
				GCC_C_LANGUAGE_STANDARD = gnu11;
				GCC_NO_COMMON_BLOCKS = YES;
				GCC_WARN_64_TO_32_BIT_CONVERSION = YES;
				GCC_WARN_ABOUT_RETURN_TYPE = YES_ERROR;
				GCC_WARN_UNDECLARED_SELECTOR = YES;
				GCC_WARN_UNINITIALIZED_AUTOS = YES_AGGRESSIVE;
				GCC_WARN_UNUSED_FUNCTION = YES;
				GCC_WARN_UNUSED_VARIABLE = YES;
				IPHONEOS_DEPLOYMENT_TARGET = 13.5;
				MTL_ENABLE_DEBUG_INFO = NO;
				MTL_FAST_MATH = YES;
				SDKROOT = iphoneos;
				SWIFT_COMPILATION_MODE = wholemodule;
				SWIFT_OPTIMIZATION_LEVEL = "-O";
				VALIDATE_PRODUCT = YES;
			};
			name = Release;
		};
		2BCFB2202498B5D50033BF25 /* Debug */ = {
			isa = XCBuildConfiguration;
			baseConfigurationReference = 4845C8180282BFBA9115E602 /* Pods-CrazyRectangle.debug.xcconfig */;
			buildSettings = {
				ASSETCATALOG_COMPILER_APPICON_NAME = AppIcon;
				CODE_SIGN_STYLE = Automatic;
				DEVELOPMENT_TEAM = 2ZXQUQVQEL;
				INFOPLIST_FILE = CrazyRectangle/SupportingFiles/Info.plist;
				LD_RUNPATH_SEARCH_PATHS = (
					"$(inherited)",
					"@executable_path/Frameworks",
				);
				PRODUCT_BUNDLE_IDENTIFIER = ru.pavelparshin.CrazyRectangle;
				PRODUCT_NAME = "$(TARGET_NAME)";
				SWIFT_VERSION = 5.0;
				TARGETED_DEVICE_FAMILY = "1,2";
			};
			name = Debug;
		};
		2BCFB2212498B5D50033BF25 /* Release */ = {
			isa = XCBuildConfiguration;
			baseConfigurationReference = D581A840A27BD6BBA42AFF74 /* Pods-CrazyRectangle.release.xcconfig */;
			buildSettings = {
				ASSETCATALOG_COMPILER_APPICON_NAME = AppIcon;
				CODE_SIGN_STYLE = Automatic;
				DEVELOPMENT_TEAM = 2ZXQUQVQEL;
				INFOPLIST_FILE = CrazyRectangle/SupportingFiles/Info.plist;
				LD_RUNPATH_SEARCH_PATHS = (
					"$(inherited)",
					"@executable_path/Frameworks",
				);
				PRODUCT_BUNDLE_IDENTIFIER = ru.pavelparshin.CrazyRectangle;
				PRODUCT_NAME = "$(TARGET_NAME)";
				SWIFT_VERSION = 5.0;
				TARGETED_DEVICE_FAMILY = "1,2";
			};
			name = Release;
		};
/* End XCBuildConfiguration section */

/* Begin XCConfigurationList section */
		2BCFB2062498B5D30033BF25 /* Build configuration list for PBXProject "CrazyRectangle" */ = {
			isa = XCConfigurationList;
			buildConfigurations = (
				2BCFB21D2498B5D50033BF25 /* Debug */,
				2BCFB21E2498B5D50033BF25 /* Release */,
			);
			defaultConfigurationIsVisible = 0;
			defaultConfigurationName = Release;
		};
		2BCFB21F2498B5D50033BF25 /* Build configuration list for PBXNativeTarget "CrazyRectangle" */ = {
			isa = XCConfigurationList;
			buildConfigurations = (
				2BCFB2202498B5D50033BF25 /* Debug */,
				2BCFB2212498B5D50033BF25 /* Release */,
			);
			defaultConfigurationIsVisible = 0;
			defaultConfigurationName = Release;
		};
/* End XCConfigurationList section */
	};
	rootObject = 2BCFB2032498B5D30033BF25 /* Project object */;
}
